
Microsoft Visual Studio Solution File, Format Version 12.00
# Visual Studio Version 17
VisualStudioVersion = 17.14.36301.6
MinimumVisualStudioVersion = 10.0.40219.1
Project("{888888A0-9F3D-457C-B088-3A5042F75D52}") = "partybuilder", "partybuilder\partybuilder.pyproj", "{3F686DC9-D239-4400-9E52-5FA26C4FF0B6}"
EndProject
Global
	GlobalSection(SolutionConfigurationPlatforms) = preSolution
		Debug|Any CPU = Debug|Any CPU
		Release|Any CPU = Release|Any CPU
	EndGlobalSection
	GlobalSection(ProjectConfigurationPlatforms) = postSolution
		{3F686DC9-D239-4400-9E52-5FA26C4FF0B6}.Debug|Any CPU.ActiveCfg = Debug|Any CPU
		{3F686DC9-D239-4400-9E52-5FA26C4FF0B6}.Release|Any CPU.ActiveCfg = Release|Any CPU
	EndGlobalSection
	GlobalSection(SolutionProperties) = preSolution
		HideSolutionNode = FALSE
	EndGlobalSection
	GlobalSection(ExtensibilityGlobals) = postSolution
		SolutionGuid = {E81E0E07-6975-4FB9-905E-D31998463CC7}
	EndGlobalSection
EndGlobal
